
Microsoft Visual Studio Solution File, Format Version 12.00
# Visual Studio Version 17
VisualStudioVersion = 17.3.32901.215
MinimumVisualStudioVersion = 10.0.40219.1
Project("{FAE04EC0-301F-11D3-BF4B-00C04F79EFBC}") = "McLaren_Cardealer", "McLaren_Cardealer\McLaren_Cardealer.csproj", "{6A7B0A10-66C4-4803-B125-A2A8323AB1E5}"
EndProject
Global
	GlobalSection(SolutionConfigurationPlatforms) = preSolution
		Debug|Any CPU = Debug|Any CPU
		Release|Any CPU = Release|Any CPU
	EndGlobalSection
	GlobalSection(ProjectConfigurationPlatforms) = postSolution
		{6A7B0A10-66C4-4803-B125-A2A8323AB1E5}.Debug|Any CPU.ActiveCfg = Debug|Any CPU
		{6A7B0A10-66C4-4803-B125-A2A8323AB1E5}.Debug|Any CPU.Build.0 = Debug|Any CPU
		{6A7B0A10-66C4-4803-B125-A2A8323AB1E5}.Release|Any CPU.ActiveCfg = Release|Any CPU
		{6A7B0A10-66C4-4803-B125-A2A8323AB1E5}.Release|Any CPU.Build.0 = Release|Any CPU
	EndGlobalSection
	GlobalSection(SolutionProperties) = preSolution
		HideSolutionNode = FALSE
	EndGlobalSection
	GlobalSection(ExtensibilityGlobals) = postSolution
		SolutionGuid = {D6BE76D5-A27C-41E9-AE0A-DDE277DAF4E3}
	EndGlobalSection
EndGlobal
